
Microsoft Visual Studio Solution File, Format Version 12.00
# Visual Studio 15
VisualStudioVersion = 15.0.28307.1267
MinimumVisualStudioVersion = 10.0.40219.1
Project("{FAE04EC0-301F-11D3-BF4B-00C04F79EFBC}") = "BTL_WEB", "BTL_WEB\BTL_WEB.csproj", "{5B3F968A-798A-4FFA-A6D1-5320B3EB0C04}"
EndProject
Project("{FAE04EC0-301F-11D3-BF4B-00C04F79EFBC}") = "Common", "Common\Common.csproj", "{0225A3BE-7627-4C4C-A565-BE7AD094C056}"
EndProject
Global
	GlobalSection(SolutionConfigurationPlatforms) = preSolution
		Debug|Any CPU = Debug|Any CPU
		Release|Any CPU = Release|Any CPU
	EndGlobalSection
	GlobalSection(ProjectConfigurationPlatforms) = postSolution
		{5B3F968A-798A-4FFA-A6D1-5320B3EB0C04}.Debug|Any CPU.ActiveCfg = Debug|Any CPU
		{5B3F968A-798A-4FFA-A6D1-5320B3EB0C04}.Debug|Any CPU.Build.0 = Debug|Any CPU
		{5B3F968A-798A-4FFA-A6D1-5320B3EB0C04}.Release|Any CPU.ActiveCfg = Release|Any CPU
		{5B3F968A-798A-4FFA-A6D1-5320B3EB0C04}.Release|Any CPU.Build.0 = Release|Any CPU
		{0225A3BE-7627-4C4C-A565-BE7AD094C056}.Debug|Any CPU.ActiveCfg = Debug|Any CPU
		{0225A3BE-7627-4C4C-A565-BE7AD094C056}.Debug|Any CPU.Build.0 = Debug|Any CPU
		{0225A3BE-7627-4C4C-A565-BE7AD094C056}.Release|Any CPU.ActiveCfg = Release|Any CPU
		{0225A3BE-7627-4C4C-A565-BE7AD094C056}.Release|Any CPU.Build.0 = Release|Any CPU
	EndGlobalSection
	GlobalSection(SolutionProperties) = preSolution
		HideSolutionNode = FALSE
	EndGlobalSection
	GlobalSection(ExtensibilityGlobals) = postSolution
		SolutionGuid = {F76B8AC2-1F1F-44CA-9DA2-F07F59128A56}
	EndGlobalSection
EndGlobal
